
Microsoft Visual Studio Solution File, Format Version 12.00
# Visual Studio Version 17
VisualStudioVersion = 17.5.002.0
MinimumVisualStudioVersion = 10.0.40219.1
Project("{2150E333-8FDC-42A3-9474-1A3956D46DE8}") = "AuthServer", "AuthServer", "{A2FC35AE-F5D7-4860-928F-A6818A903ABF}"
EndProject
Project("{2150E333-8FDC-42A3-9474-1A3956D46DE8}") = "quickstart", "quickstart", "{07CAD1CD-3E0E-4571-BFC9-D558CE592FE7}"
EndProject
Project("{2150E333-8FDC-42A3-9474-1A3956D46DE8}") = "src", "src", "{DB2F65FB-8FC0-4A41-A303-D6915B4219D5}"
EndProject
Project("{9A19103F-16F7-4668-BE54-9A1E7A4F7556}") = "Api", "AuthServer\quickstart\src\Api\Api.csproj", "{B444B69D-B978-4685-BA2C-C80AAF1A627A}"
EndProject
Project("{9A19103F-16F7-4668-BE54-9A1E7A4F7556}") = "Client", "AuthServer\quickstart\src\Client\Client.csproj", "{5629A71D-8788-4C02-8BAD-F3DBA2953D56}"
EndProject
Project("{9A19103F-16F7-4668-BE54-9A1E7A4F7556}") = "IdentityServer", "AuthServer\quickstart\src\IdentityServer\IdentityServer.csproj", "{3BEF5E49-0182-4EF6-B248-49ED8961FA9E}"
EndProject
Global
	GlobalSection(SolutionConfigurationPlatforms) = preSolution
		Debug|Any CPU = Debug|Any CPU
		Release|Any CPU = Release|Any CPU
	EndGlobalSection
	GlobalSection(ProjectConfigurationPlatforms) = postSolution
		{B444B69D-B978-4685-BA2C-C80AAF1A627A}.Debug|Any CPU.ActiveCfg = Debug|Any CPU
		{B444B69D-B978-4685-BA2C-C80AAF1A627A}.Debug|Any CPU.Build.0 = Debug|Any CPU
		{B444B69D-B978-4685-BA2C-C80AAF1A627A}.Release|Any CPU.ActiveCfg = Release|Any CPU
		{B444B69D-B978-4685-BA2C-C80AAF1A627A}.Release|Any CPU.Build.0 = Release|Any CPU
		{5629A71D-8788-4C02-8BAD-F3DBA2953D56}.Debug|Any CPU.ActiveCfg = Debug|Any CPU
		{5629A71D-8788-4C02-8BAD-F3DBA2953D56}.Debug|Any CPU.Build.0 = Debug|Any CPU
		{5629A71D-8788-4C02-8BAD-F3DBA2953D56}.Release|Any CPU.ActiveCfg = Release|Any CPU
		{5629A71D-8788-4C02-8BAD-F3DBA2953D56}.Release|Any CPU.Build.0 = Release|Any CPU
		{3BEF5E49-0182-4EF6-B248-49ED8961FA9E}.Debug|Any CPU.ActiveCfg = Debug|Any CPU
		{3BEF5E49-0182-4EF6-B248-49ED8961FA9E}.Debug|Any CPU.Build.0 = Debug|Any CPU
		{3BEF5E49-0182-4EF6-B248-49ED8961FA9E}.Release|Any CPU.ActiveCfg = Release|Any CPU
		{3BEF5E49-0182-4EF6-B248-49ED8961FA9E}.Release|Any CPU.Build.0 = Release|Any CPU
	EndGlobalSection
	GlobalSection(SolutionProperties) = preSolution
		HideSolutionNode = FALSE
	EndGlobalSection
	GlobalSection(NestedProjects) = preSolution
		{07CAD1CD-3E0E-4571-BFC9-D558CE592FE7} = {A2FC35AE-F5D7-4860-928F-A6818A903ABF}
		{DB2F65FB-8FC0-4A41-A303-D6915B4219D5} = {07CAD1CD-3E0E-4571-BFC9-D558CE592FE7}
		{B444B69D-B978-4685-BA2C-C80AAF1A627A} = {DB2F65FB-8FC0-4A41-A303-D6915B4219D5}
		{5629A71D-8788-4C02-8BAD-F3DBA2953D56} = {DB2F65FB-8FC0-4A41-A303-D6915B4219D5}
		{3BEF5E49-0182-4EF6-B248-49ED8961FA9E} = {DB2F65FB-8FC0-4A41-A303-D6915B4219D5}
	EndGlobalSection
	GlobalSection(ExtensibilityGlobals) = postSolution
		SolutionGuid = {D388676D-0C14-446F-8E03-48F43F0CBCD5}
	EndGlobalSection
EndGlobal
