
Microsoft Visual Studio Solution File, Format Version 12.00
# Visual Studio Version 17
VisualStudioVersion = 17.5.002.0
MinimumVisualStudioVersion = 10.0.40219.1
Project("{2150E333-8FDC-42A3-9474-1A3956D46DE8}") = "AuthServer", "AuthServer", "{477DCF99-D2C2-4CFC-AB02-F3B468A0ECED}"
EndProject
Project("{9A19103F-16F7-4668-BE54-9A1E7A4F7556}") = "AuthServer", "AuthServer\AuthServer\AuthServer.csproj", "{C00A2735-7B3B-4459-9B9C-C7E9A0DCF0FE}"
EndProject
Global
	GlobalSection(SolutionConfigurationPlatforms) = preSolution
		Debug|Any CPU = Debug|Any CPU
		Release|Any CPU = Release|Any CPU
	EndGlobalSection
	GlobalSection(ProjectConfigurationPlatforms) = postSolution
		{C00A2735-7B3B-4459-9B9C-C7E9A0DCF0FE}.Debug|Any CPU.ActiveCfg = Debug|Any CPU
		{C00A2735-7B3B-4459-9B9C-C7E9A0DCF0FE}.Debug|Any CPU.Build.0 = Debug|Any CPU
		{C00A2735-7B3B-4459-9B9C-C7E9A0DCF0FE}.Release|Any CPU.ActiveCfg = Release|Any CPU
		{C00A2735-7B3B-4459-9B9C-C7E9A0DCF0FE}.Release|Any CPU.Build.0 = Release|Any CPU
	EndGlobalSection
	GlobalSection(SolutionProperties) = preSolution
		HideSolutionNode = FALSE
	EndGlobalSection
	GlobalSection(NestedProjects) = preSolution
		{C00A2735-7B3B-4459-9B9C-C7E9A0DCF0FE} = {477DCF99-D2C2-4CFC-AB02-F3B468A0ECED}
	EndGlobalSection
	GlobalSection(ExtensibilityGlobals) = postSolution
		SolutionGuid = {D388676D-0C14-446F-8E03-48F43F0CBCD5}
	EndGlobalSection
EndGlobal
